
Microsoft Visual Studio Solution File, Format Version 12.00
# Visual Studio 2013
VisualStudioVersion = 12.0.21005.1
MinimumVisualStudioVersion = 10.0.40219.1
Project("{8BC9CEB8-8B4A-11D0-8D11-00A0C91BC942}") = "imageprocessing", "imageprocessing.vcxproj", "{9FE54A06-B614-493B-9138-3A9BA9A5286E}"
EndProject
Global
	GlobalSection(SolutionConfigurationPlatforms) = preSolution
		Debug|Win32 = Debug|Win32
		Release|Win32 = Release|Win32
	EndGlobalSection
	GlobalSection(ProjectConfigurationPlatforms) = postSolution
		{9FE54A06-B614-493B-9138-3A9BA9A5286E}.Debug|Win32.ActiveCfg = Debug|Win32
		{9FE54A06-B614-493B-9138-3A9BA9A5286E}.Debug|Win32.Build.0 = Debug|Win32
		{9FE54A06-B614-493B-9138-3A9BA9A5286E}.Release|Win32.ActiveCfg = Release|Win32
		{9FE54A06-B614-493B-9138-3A9BA9A5286E}.Release|Win32.Build.0 = Release|Win32
	EndGlobalSection
	GlobalSection(SolutionProperties) = preSolution
		HideSolutionNode = FALSE
	EndGlobalSection
EndGlobal
